version = 1
revision = 3
requires-python = ">=3.14"

[[package]]
name = "coloraide"
version = "6.1"
source = { registry = "https://pypi.org/simple" }
sdist = { url = "https://files.pythonhosted.org/packages/b5/77/0434fb371da6ac430e65b43b4de8d0aa3b814d16fa9f1eeb4bce9115e3de/coloraide-6.1.tar.gz", hash = "sha256:cfd0c7c4801a4e070ed1106365ad72b5db207a0d7ab15b1936265def1918350d", size = 19348035, upload-time = "2025-12-03T23:04:30.719Z" }
wheels = [
    { url = "https://files.pythonhosted.org/packages/c8/46/8d71f46bcbf964580d9808e0ab20bec116ba193244f42da1b108e7177440/coloraide-6.1-py3-none-any.whl", hash = "sha256:6db965b96ad30a3320edd55da02e04ea53a77bfbbbb13a29171a1c2691b673fa", size = 272450, upload-time = "2025-12-03T23:04:28.946Z" },
]

[[package]]
name = "colour-science"
version = "0.4.7"
source = { registry = "https://pypi.org/simple" }
dependencies = [
    { name = "numpy" },
]
sdist = { url = "https://files.pythonhosted.org/packages/f4/66/6e2216ffae6f0008118c99d6f425f7591e688671ab99f5636f7f65021395/colour_science-0.4.7.tar.gz", hash = "sha256:b34773dc4dd3f9ba99cca5297fa10e9f532134d994b3a2308dacbe970dfd5079", size = 13283171, upload-time = "2025-12-06T08:15:08.229Z" }
wheels = [
    { url = "https://files.pythonhosted.org/packages/6d/9e/ce54e33f383d7e1432be9fb39557477779ccb155c60033c491609936dacf/colour_science-0.4.7-py3-none-any.whl", hash = "sha256:fe2383d86e507fc11a4b5206ff31a7399031e0dce527e22ec06eeb491d45d9a7", size = 9065613, upload-time = "2025-12-06T08:15:14.908Z" },
]

[[package]]
name = "markdown-it-py"
version = "4.0.0"
source = { registry = "https://pypi.org/simple" }
dependencies = [
    { name = "mdurl" },
]
sdist = { url = "https://files.pythonhosted.org/packages/5b/f5/4ec618ed16cc4f8fb3b701563655a69816155e79e24a17b651541804721d/markdown_it_py-4.0.0.tar.gz", hash = "sha256:cb0a2b4aa34f932c007117b194e945bd74e0ec24133ceb5bac59009cda1cb9f3", size = 73070, upload-time = "2025-08-11T12:57:52.854Z" }
wheels = [
    { url = "https://files.pythonhosted.org/packages/94/54/e7d793b573f298e1c9013b8c4dade17d481164aa517d1d7148619c2cedbf/markdown_it_py-4.0.0-py3-none-any.whl", hash = "sha256:87327c59b172c5011896038353a81343b6754500a08cd7a4973bb48c6d578147", size = 87321, upload-time = "2025-08-11T12:57:51.923Z" },
]

[[package]]
name = "mdurl"
version = "0.1.2"
source = { registry = "https://pypi.org/simple" }
sdist = { url = "https://files.pythonhosted.org/packages/d6/54/cfe61301667036ec958cb99bd3efefba235e65cdeb9c84d24a8293ba1d90/mdurl-0.1.2.tar.gz", hash = "sha256:bb413d29f5eea38f31dd4754dd7377d4465116fb207585f97bf925588687c1ba", size = 8729, upload-time = "2022-08-14T12:40:10.846Z" }
wheels = [
    { url = "https://files.pythonhosted.org/packages/b3/38/89ba8ad64ae25be8de66a6d463314cf1eb366222074cfda9ee839c56a4b4/mdurl-0.1.2-py3-none-any.whl", hash = "sha256:84008a41e51615a49fc9966191ff91509e3c40b939176e643fd50a5c2196b8f8", size = 9979, upload-time = "2022-08-14T12:40:09.779Z" },
]

[[package]]
name = "numpy"
version = "2.3.5"
source = { registry = "https://pypi.org/simple" }
sdist = { url = "https://files.pythonhosted.org/packages/76/65/21b3bc86aac7b8f2862db1e808f1ea22b028e30a225a34a5ede9bf8678f2/numpy-2.3.5.tar.gz", hash = "sha256:784db1dcdab56bf0517743e746dfb0f885fc68d948aba86eeec2cba234bdf1c0", size = 20584950, upload-time = "2025-11-16T22:52:42.067Z" }
wheels = [
    { url = "https://files.pythonhosted.org/packages/ba/97/1a914559c19e32d6b2e233cf9a6a114e67c856d35b1d6babca571a3e880f/numpy-2.3.5-cp314-cp314-macosx_10_15_x86_64.whl", hash = "sha256:bf06bc2af43fa8d32d30fae16ad965663e966b1a3202ed407b84c989c3221e82", size = 16735706, upload-time = "2025-11-16T22:51:19.558Z" },
    { url = "https://files.pythonhosted.org/packages/57/d4/51233b1c1b13ecd796311216ae417796b88b0616cfd8a33ae4536330748a/numpy-2.3.5-cp314-cp314-macosx_11_0_arm64.whl", hash = "sha256:052e8c42e0c49d2575621c158934920524f6c5da05a1d3b9bab5d8e259e045f0", size = 12264507, upload-time = "2025-11-16T22:51:22.492Z" },
    { url = "https://files.pythonhosted.org/packages/45/98/2fe46c5c2675b8306d0b4a3ec3494273e93e1226a490f766e84298576956/numpy-2.3.5-cp314-cp314-macosx_14_0_arm64.whl", hash = "sha256:1ed1ec893cff7040a02c8aa1c8611b94d395590d553f6b53629a4461dc7f7b63", size = 5093049, upload-time = "2025-11-16T22:51:25.171Z" },
    { url = "https://files.pythonhosted.org/packages/ce/0e/0698378989bb0ac5f1660c81c78ab1fe5476c1a521ca9ee9d0710ce54099/numpy-2.3.5-cp314-cp314-macosx_14_0_x86_64.whl", hash = "sha256:2dcd0808a421a482a080f89859a18beb0b3d1e905b81e617a188bd80422d62e9", size = 6626603, upload-time = "2025-11-16T22:51:27Z" },
    { url = "https://files.pythonhosted.org/packages/5e/a6/9ca0eecc489640615642a6cbc0ca9e10df70df38c4d43f5a928ff18d8827/numpy-2.3.5-cp314-cp314-manylinux_2_27_aarch64.manylinux_2_28_aarch64.whl", hash = "sha256:727fd05b57df37dc0bcf1a27767a3d9a78cbbc92822445f32cc3436ba797337b", size = 14262696, upload-time = "2025-11-16T22:51:29.402Z" },
    { url = "https://files.pythonhosted.org/packages/c8/f6/07ec185b90ec9d7217a00eeeed7383b73d7e709dae2a9a021b051542a708/numpy-2.3.5-cp314-cp314-manylinux_2_27_x86_64.manylinux_2_28_x86_64.whl", hash = "sha256:fffe29a1ef00883599d1dc2c51aa2e5d80afe49523c261a74933df395c15c520", size = 16597350, upload-time = "2025-11-16T22:51:32.167Z" },
    { url = "https://files.pythonhosted.org/packages/75/37/164071d1dde6a1a84c9b8e5b414fa127981bad47adf3a6b7e23917e52190/numpy-2.3.5-cp314-cp314-musllinux_1_2_aarch64.whl", hash = "sha256:8f7f0e05112916223d3f438f293abf0727e1181b5983f413dfa2fefc4098245c", size = 16040190, upload-time = "2025-11-16T22:51:35.403Z" },
    { url = "https://files.pythonhosted.org/packages/08/3c/f18b82a406b04859eb026d204e4e1773eb41c5be58410f41ffa511d114ae/numpy-2.3.5-cp314-cp314-musllinux_1_2_x86_64.whl", hash = "sha256:2e2eb32ddb9ccb817d620ac1d8dae7c3f641c1e5f55f531a33e8ab97960a75b8", size = 18536749, upload-time = "2025-11-16T22:51:39.698Z" },
    { url = "https://files.pythonhosted.org/packages/40/79/f82f572bf44cf0023a2fe8588768e23e1592585020d638999f15158609e1/numpy-2.3.5-cp314-cp314-win32.whl", hash = "sha256:66f85ce62c70b843bab1fb14a05d5737741e74e28c7b8b5a064de10142fad248", size = 6335432, upload-time = "2025-11-16T22:51:42.476Z" },
    { url = "https://files.pythonhosted.org/packages/a3/2e/235b4d96619931192c91660805e5e49242389742a7a82c27665021db690c/numpy-2.3.5-cp314-cp314-win_amd64.whl", hash = "sha256:e6a0bc88393d65807d751a614207b7129a310ca4fe76a74e5c7da5fa5671417e", size = 12919388, upload-time = "2025-11-16T22:51:45.275Z" },
    { url = "https://files.pythonhosted.org/packages/07/2b/29fd75ce45d22a39c61aad74f3d718e7ab67ccf839ca8b60866054eb15f8/numpy-2.3.5-cp314-cp314-win_arm64.whl", hash = "sha256:aeffcab3d4b43712bb7a60b65f6044d444e75e563ff6180af8f98dd4b905dfd2", size = 10476651, upload-time = "2025-11-16T22:51:47.749Z" },
    { url = "https://files.pythonhosted.org/packages/17/e1/f6a721234ebd4d87084cfa68d081bcba2f5cfe1974f7de4e0e8b9b2a2ba1/numpy-2.3.5-cp314-cp314t-macosx_10_15_x86_64.whl", hash = "sha256:17531366a2e3a9e30762c000f2c43a9aaa05728712e25c11ce1dbe700c53ad41", size = 16834503, upload-time = "2025-11-16T22:51:50.443Z" },
    { url = "https://files.pythonhosted.org/packages/5c/1c/baf7ffdc3af9c356e1c135e57ab7cf8d247931b9554f55c467efe2c69eff/numpy-2.3.5-cp314-cp314t-macosx_11_0_arm64.whl", hash = "sha256:d21644de1b609825ede2f48be98dfde4656aefc713654eeee280e37cadc4e0ad", size = 12381612, upload-time = "2025-11-16T22:51:53.609Z" },
    { url = "https://files.pythonhosted.org/packages/74/91/f7f0295151407ddc9ba34e699013c32c3c91944f9b35fcf9281163dc1468/numpy-2.3.5-cp314-cp314t-macosx_14_0_arm64.whl", hash = "sha256:c804e3a5aba5460c73955c955bdbd5c08c354954e9270a2c1565f62e866bdc39", size = 5210042, upload-time = "2025-11-16T22:51:56.213Z" },
    { url = "https://files.pythonhosted.org/packages/2e/3b/78aebf345104ec50dd50a4d06ddeb46a9ff5261c33bcc58b1c4f12f85ec2/numpy-2.3.5-cp314-cp314t-macosx_14_0_x86_64.whl", hash = "sha256:cc0a57f895b96ec78969c34f682c602bf8da1a0270b09bc65673df2e7638ec20", size = 6724502, upload-time = "2025-11-16T22:51:58.584Z" },
    { url = "https://files.pythonhosted.org/packages/02/c6/7c34b528740512e57ef1b7c8337ab0b4f0bddf34c723b8996c675bc2bc91/numpy-2.3.5-cp314-cp314t-manylinux_2_27_aarch64.manylinux_2_28_aarch64.whl", hash = "sha256:900218e456384ea676e24ea6a0417f030a3b07306d29d7ad843957b40a9d8d52", size = 14308962, upload-time = "2025-11-16T22:52:01.698Z" },
    { url = "https://files.pythonhosted.org/packages/80/35/09d433c5262bc32d725bafc619e095b6a6651caf94027a03da624146f655/numpy-2.3.5-cp314-cp314t-manylinux_2_27_x86_64.manylinux_2_28_x86_64.whl", hash = "sha256:09a1bea522b25109bf8e6f3027bd810f7c1085c64a0c7ce050c1676ad0ba010b", size = 16655054, upload-time = "2025-11-16T22:52:04.267Z" },
    { url = "https://files.pythonhosted.org/packages/7a/ab/6a7b259703c09a88804fa2430b43d6457b692378f6b74b356155283566ac/numpy-2.3.5-cp314-cp314t-musllinux_1_2_aarch64.whl", hash = "sha256:04822c00b5fd0323c8166d66c701dc31b7fbd252c100acd708c48f763968d6a3", size = 16091613, upload-time = "2025-11-16T22:52:08.651Z" },
    { url = "https://files.pythonhosted.org/packages/c2/88/330da2071e8771e60d1038166ff9d73f29da37b01ec3eb43cb1427464e10/numpy-2.3.5-cp314-cp314t-musllinux_1_2_x86_64.whl", hash = "sha256:d6889ec4ec662a1a37eb4b4fb26b6100841804dac55bd9df579e326cdc146227", size = 18591147, upload-time = "2025-11-16T22:52:11.453Z" },
    { url = "https://files.pythonhosted.org/packages/51/41/851c4b4082402d9ea860c3626db5d5df47164a712cb23b54be028b184c1c/numpy-2.3.5-cp314-cp314t-win32.whl", hash = "sha256:93eebbcf1aafdf7e2ddd44c2923e2672e1010bddc014138b229e49725b4d6be5", size = 6479806, upload-time = "2025-11-16T22:52:14.641Z" },
    { url = "https://files.pythonhosted.org/packages/90/30/d48bde1dfd93332fa557cff1972fbc039e055a52021fbef4c2c4b1eefd17/numpy-2.3.5-cp314-cp314t-win_amd64.whl", hash = "sha256:c8a9958e88b65c3b27e22ca2a076311636850b612d6bbfb76e8d156aacde2aaf", size = 13105760, upload-time = "2025-11-16T22:52:17.975Z" },
    { url = "https://files.pythonhosted.org/packages/2d/fd/4b5eb0b3e888d86aee4d198c23acec7d214baaf17ea93c1adec94c9518b9/numpy-2.3.5-cp314-cp314t-win_arm64.whl", hash = "sha256:6203fdf9f3dc5bdaed7319ad8698e685c7a3be10819f41d32a0723e611733b42", size = 10545459, upload-time = "2025-11-16T22:52:20.55Z" },
]

[[package]]
name = "pandas"
version = "2.3.3"
source = { registry = "https://pypi.org/simple" }
dependencies = [
    { name = "numpy" },
    { name = "python-dateutil" },
    { name = "pytz" },
    { name = "tzdata" },
]
sdist = { url = "https://files.pythonhosted.org/packages/33/01/d40b85317f86cf08d853a4f495195c73815fdf205eef3993821720274518/pandas-2.3.3.tar.gz", hash = "sha256:e05e1af93b977f7eafa636d043f9f94c7ee3ac81af99c13508215942e64c993b", size = 4495223, upload-time = "2025-09-29T23:34:51.853Z" }
wheels = [
    { url = "https://files.pythonhosted.org/packages/04/fd/74903979833db8390b73b3a8a7d30d146d710bd32703724dd9083950386f/pandas-2.3.3-cp314-cp314-macosx_10_13_x86_64.whl", hash = "sha256:ee15f284898e7b246df8087fc82b87b01686f98ee67d85a17b7ab44143a3a9a0", size = 11540635, upload-time = "2025-09-29T23:25:52.486Z" },
    { url = "https://files.pythonhosted.org/packages/21/00/266d6b357ad5e6d3ad55093a7e8efc7dd245f5a842b584db9f30b0f0a287/pandas-2.3.3-cp314-cp314-macosx_11_0_arm64.whl", hash = "sha256:1611aedd912e1ff81ff41c745822980c49ce4a7907537be8692c8dbc31924593", size = 10759079, upload-time = "2025-09-29T23:26:33.204Z" },
    { url = "https://files.pythonhosted.org/packages/ca/05/d01ef80a7a3a12b2f8bbf16daba1e17c98a2f039cbc8e2f77a2c5a63d382/pandas-2.3.3-cp314-cp314-manylinux_2_24_aarch64.manylinux_2_28_aarch64.whl", hash = "sha256:6d2cefc361461662ac48810cb14365a365ce864afe85ef1f447ff5a1e99ea81c", size = 11814049, upload-time = "2025-09-29T23:27:15.384Z" },
    { url = "https://files.pythonhosted.org/packages/15/b2/0e62f78c0c5ba7e3d2c5945a82456f4fac76c480940f805e0b97fcbc2f65/pandas-2.3.3-cp314-cp314-manylinux_2_24_x86_64.manylinux_2_28_x86_64.whl", hash = "sha256:ee67acbbf05014ea6c763beb097e03cd629961c8a632075eeb34247120abcb4b", size = 12332638, upload-time = "2025-09-29T23:27:51.625Z" },
    { url = "https://files.pythonhosted.org/packages/c5/33/dd70400631b62b9b29c3c93d2feee1d0964dc2bae2e5ad7a6c73a7f25325/pandas-2.3.3-cp314-cp314-musllinux_1_2_aarch64.whl", hash = "sha256:c46467899aaa4da076d5abc11084634e2d197e9460643dd455ac3db5856b24d6", size = 12886834, upload-time = "2025-09-29T23:28:21.289Z" },
    { url = "https://files.pythonhosted.org/packages/d3/18/b5d48f55821228d0d2692b34fd5034bb185e854bdb592e9c640f6290e012/pandas-2.3.3-cp314-cp314-musllinux_1_2_x86_64.whl", hash = "sha256:6253c72c6a1d990a410bc7de641d34053364ef8bcd3126f7e7450125887dffe3", size = 13409925, upload-time = "2025-09-29T23:28:58.261Z" },
    { url = "https://files.pythonhosted.org/packages/a6/3d/124ac75fcd0ecc09b8fdccb0246ef65e35b012030defb0e0eba2cbbbe948/pandas-2.3.3-cp314-cp314-win_amd64.whl", hash = "sha256:1b07204a219b3b7350abaae088f451860223a52cfb8a6c53358e7948735158e5", size = 11109071, upload-time = "2025-09-29T23:32:27.484Z" },
    { url = "https://files.pythonhosted.org/packages/89/9c/0e21c895c38a157e0faa1fb64587a9226d6dd46452cac4532d80c3c4a244/pandas-2.3.3-cp314-cp314t-macosx_10_13_x86_64.whl", hash = "sha256:2462b1a365b6109d275250baaae7b760fd25c726aaca0054649286bcfbb3e8ec", size = 12048504, upload-time = "2025-09-29T23:29:31.47Z" },
    { url = "https://files.pythonhosted.org/packages/d7/82/b69a1c95df796858777b68fbe6a81d37443a33319761d7c652ce77797475/pandas-2.3.3-cp314-cp314t-macosx_11_0_arm64.whl", hash = "sha256:0242fe9a49aa8b4d78a4fa03acb397a58833ef6199e9aa40a95f027bb3a1b6e7", size = 11410702, upload-time = "2025-09-29T23:29:54.591Z" },
    { url = "https://files.pythonhosted.org/packages/f9/88/702bde3ba0a94b8c73a0181e05144b10f13f29ebfc2150c3a79062a8195d/pandas-2.3.3-cp314-cp314t-manylinux_2_24_aarch64.manylinux_2_28_aarch64.whl", hash = "sha256:a21d830e78df0a515db2b3d2f5570610f5e6bd2e27749770e8bb7b524b89b450", size = 11634535, upload-time = "2025-09-29T23:30:21.003Z" },
    { url = "https://files.pythonhosted.org/packages/a4/1e/1bac1a839d12e6a82ec6cb40cda2edde64a2013a66963293696bbf31fbbb/pandas-2.3.3-cp314-cp314t-manylinux_2_24_x86_64.manylinux_2_28_x86_64.whl", hash = "sha256:2e3ebdb170b5ef78f19bfb71b0dc5dc58775032361fa188e814959b74d726dd5", size = 12121582, upload-time = "2025-09-29T23:30:43.391Z" },
    { url = "https://files.pythonhosted.org/packages/44/91/483de934193e12a3b1d6ae7c8645d083ff88dec75f46e827562f1e4b4da6/pandas-2.3.3-cp314-cp314t-musllinux_1_2_aarch64.whl", hash = "sha256:d051c0e065b94b7a3cea50eb1ec32e912cd96dba41647eb24104b6c6c14c5788", size = 12699963, upload-time = "2025-09-29T23:31:10.009Z" },
    { url = "https://files.pythonhosted.org/packages/70/44/5191d2e4026f86a2a109053e194d3ba7a31a2d10a9c2348368c63ed4e85a/pandas-2.3.3-cp314-cp314t-musllinux_1_2_x86_64.whl", hash = "sha256:3869faf4bd07b3b66a9f462417d0ca3a9df29a9f6abd5d0d0dbab15dac7abe87", size = 13202175, upload-time = "2025-09-29T23:31:59.173Z" },
]

[[package]]
name = "pillow"
version = "12.0.0"
source = { registry = "https://pypi.org/simple" }
sdist = { url = "https://files.pythonhosted.org/packages/5a/b0/cace85a1b0c9775a9f8f5d5423c8261c858760e2466c79b2dd184638b056/pillow-12.0.0.tar.gz", hash = "sha256:87d4f8125c9988bfbed67af47dd7a953e2fc7b0cc1e7800ec6d2080d490bb353", size = 47008828, upload-time = "2025-10-15T18:24:14.008Z" }
wheels = [
    { url = "https://files.pythonhosted.org/packages/54/2a/9a8c6ba2c2c07b71bec92cf63e03370ca5e5f5c5b119b742bcc0cde3f9c5/pillow-12.0.0-cp314-cp314-ios_13_0_arm64_iphoneos.whl", hash = "sha256:beeae3f27f62308f1ddbcfb0690bf44b10732f2ef43758f169d5e9303165d3f9", size = 4045531, upload-time = "2025-10-15T18:23:10.121Z" },
    { url = "https://files.pythonhosted.org/packages/84/54/836fdbf1bfb3d66a59f0189ff0b9f5f666cee09c6188309300df04ad71fa/pillow-12.0.0-cp314-cp314-ios_13_0_arm64_iphonesimulator.whl", hash = "sha256:d4827615da15cd59784ce39d3388275ec093ae3ee8d7f0c089b76fa87af756c2", size = 4120554, upload-time = "2025-10-15T18:23:12.14Z" },
    { url = "https://files.pythonhosted.org/packages/0d/cd/16aec9f0da4793e98e6b54778a5fbce4f375c6646fe662e80600b8797379/pillow-12.0.0-cp314-cp314-ios_13_0_x86_64_iphonesimulator.whl", hash = "sha256:3e42edad50b6909089750e65c91aa09aaf1e0a71310d383f11321b27c224ed8a", size = 3576812, upload-time = "2025-10-15T18:23:13.962Z" },
    { url = "https://files.pythonhosted.org/packages/f6/b7/13957fda356dc46339298b351cae0d327704986337c3c69bb54628c88155/pillow-12.0.0-cp314-cp314-macosx_10_15_x86_64.whl", hash = "sha256:e5d8efac84c9afcb40914ab49ba063d94f5dbdf5066db4482c66a992f47a3a3b", size = 5252689, upload-time = "2025-10-15T18:23:15.562Z" },
    { url = "https://files.pythonhosted.org/packages/fc/f5/eae31a306341d8f331f43edb2e9122c7661b975433de5e447939ae61c5da/pillow-12.0.0-cp314-cp314-macosx_11_0_arm64.whl", hash = "sha256:266cd5f2b63ff316d5a1bba46268e603c9caf5606d44f38c2873c380950576ad", size = 4650186, upload-time = "2025-10-15T18:23:17.379Z" },
    { url = "https://files.pythonhosted.org/packages/86/62/2a88339aa40c4c77e79108facbd307d6091e2c0eb5b8d3cf4977cfca2fe6/pillow-12.0.0-cp314-cp314-manylinux2014_aarch64.manylinux_2_17_aarch64.whl", hash = "sha256:58eea5ebe51504057dd95c5b77d21700b77615ab0243d8152793dc00eb4faf01", size = 6230308, upload-time = "2025-10-15T18:23:18.971Z" },
    { url = "https://files.pythonhosted.org/packages/c7/33/5425a8992bcb32d1cb9fa3dd39a89e613d09a22f2c8083b7bf43c455f760/pillow-12.0.0-cp314-cp314-manylinux2014_x86_64.manylinux_2_17_x86_64.whl", hash = "sha256:f13711b1a5ba512d647a0e4ba79280d3a9a045aaf7e0cc6fbe96b91d4cdf6b0c", size = 8039222, upload-time = "2025-10-15T18:23:20.909Z" },
    { url = "https://files.pythonhosted.org/packages/d8/61/3f5d3b35c5728f37953d3eec5b5f3e77111949523bd2dd7f31a851e50690/pillow-12.0.0-cp314-cp314-manylinux_2_27_aarch64.manylinux_2_28_aarch64.whl", hash = "sha256:6846bd2d116ff42cba6b646edf5bf61d37e5cbd256425fa089fee4ff5c07a99e", size = 6346657, upload-time = "2025-10-15T18:23:23.077Z" },
    { url = "https://files.pythonhosted.org/packages/3a/be/ee90a3d79271227e0f0a33c453531efd6ed14b2e708596ba5dd9be948da3/pillow-12.0.0-cp314-cp314-manylinux_2_27_x86_64.manylinux_2_28_x86_64.whl", hash = "sha256:c98fa880d695de164b4135a52fd2e9cd7b7c90a9d8ac5e9e443a24a95ef9248e", size = 7038482, upload-time = "2025-10-15T18:23:25.005Z" },
    { url = "https://files.pythonhosted.org/packages/44/34/a16b6a4d1ad727de390e9bd9f19f5f669e079e5826ec0f329010ddea492f/pillow-12.0.0-cp314-cp314-musllinux_1_2_aarch64.whl", hash = "sha256:fa3ed2a29a9e9d2d488b4da81dcb54720ac3104a20bf0bd273f1e4648aff5af9", size = 6461416, upload-time = "2025-10-15T18:23:27.009Z" },
    { url = "https://files.pythonhosted.org/packages/b6/39/1aa5850d2ade7d7ba9f54e4e4c17077244ff7a2d9e25998c38a29749eb3f/pillow-12.0.0-cp314-cp314-musllinux_1_2_x86_64.whl", hash = "sha256:d034140032870024e6b9892c692fe2968493790dd57208b2c37e3fb35f6df3ab", size = 7131584, upload-time = "2025-10-15T18:23:29.752Z" },
    { url = "https://files.pythonhosted.org/packages/bf/db/4fae862f8fad0167073a7733973bfa955f47e2cac3dc3e3e6257d10fab4a/pillow-12.0.0-cp314-cp314-win32.whl", hash = "sha256:1b1b133e6e16105f524a8dec491e0586d072948ce15c9b914e41cdadd209052b", size = 6400621, upload-time = "2025-10-15T18:23:32.06Z" },
    { url = "https://files.pythonhosted.org/packages/2b/24/b350c31543fb0107ab2599464d7e28e6f856027aadda995022e695313d94/pillow-12.0.0-cp314-cp314-win_amd64.whl", hash = "sha256:8dc232e39d409036af549c86f24aed8273a40ffa459981146829a324e0848b4b", size = 7142916, upload-time = "2025-10-15T18:23:34.71Z" },
    { url = "https://files.pythonhosted.org/packages/0f/9b/0ba5a6fd9351793996ef7487c4fdbde8d3f5f75dbedc093bb598648fddf0/pillow-12.0.0-cp314-cp314-win_arm64.whl", hash = "sha256:d52610d51e265a51518692045e372a4c363056130d922a7351429ac9f27e70b0", size = 2523836, upload-time = "2025-10-15T18:23:36.967Z" },
    { url = "https://files.pythonhosted.org/packages/f5/7a/ceee0840aebc579af529b523d530840338ecf63992395842e54edc805987/pillow-12.0.0-cp314-cp314t-macosx_10_15_x86_64.whl", hash = "sha256:1979f4566bb96c1e50a62d9831e2ea2d1211761e5662afc545fa766f996632f6", size = 5255092, upload-time = "2025-10-15T18:23:38.573Z" },
    { url = "https://files.pythonhosted.org/packages/44/76/20776057b4bfd1aef4eeca992ebde0f53a4dce874f3ae693d0ec90a4f79b/pillow-12.0.0-cp314-cp314t-macosx_11_0_arm64.whl", hash = "sha256:b2e4b27a6e15b04832fe9bf292b94b5ca156016bbc1ea9c2c20098a0320d6cf6", size = 4653158, upload-time = "2025-10-15T18:23:40.238Z" },
    { url = "https://files.pythonhosted.org/packages/82/3f/d9ff92ace07be8836b4e7e87e6a4c7a8318d47c2f1463ffcf121fc57d9cb/pillow-12.0.0-cp314-cp314t-manylinux2014_aarch64.manylinux_2_17_aarch64.whl", hash = "sha256:fb3096c30df99fd01c7bf8e544f392103d0795b9f98ba71a8054bcbf56b255f1", size = 6267882, upload-time = "2025-10-15T18:23:42.434Z" },
    { url = "https://files.pythonhosted.org/packages/9f/7a/4f7ff87f00d3ad33ba21af78bfcd2f032107710baf8280e3722ceec28cda/pillow-12.0.0-cp314-cp314t-manylinux2014_x86_64.manylinux_2_17_x86_64.whl", hash = "sha256:7438839e9e053ef79f7112c881cef684013855016f928b168b81ed5835f3e75e", size = 8071001, upload-time = "2025-10-15T18:23:44.29Z" },
    { url = "https://files.pythonhosted.org/packages/75/87/fcea108944a52dad8cca0715ae6247e271eb80459364a98518f1e4f480c1/pillow-12.0.0-cp314-cp314t-manylinux_2_27_aarch64.manylinux_2_28_aarch64.whl", hash = "sha256:5d5c411a8eaa2299322b647cd932586b1427367fd3184ffbb8f7a219ea2041ca", size = 6380146, upload-time = "2025-10-15T18:23:46.065Z" },
    { url = "https://files.pythonhosted.org/packages/91/52/0d31b5e571ef5fd111d2978b84603fce26aba1b6092f28e941cb46570745/pillow-12.0.0-cp314-cp314t-manylinux_2_27_x86_64.manylinux_2_28_x86_64.whl", hash = "sha256:d7e091d464ac59d2c7ad8e7e08105eaf9dafbc3883fd7265ffccc2baad6ac925", size = 7067344, upload-time = "2025-10-15T18:23:47.898Z" },
    { url = "https://files.pythonhosted.org/packages/7b/f4/2dd3d721f875f928d48e83bb30a434dee75a2531bca839bb996bb0aa5a91/pillow-12.0.0-cp314-cp314t-musllinux_1_2_aarch64.whl", hash = "sha256:792a2c0be4dcc18af9d4a2dfd8a11a17d5e25274a1062b0ec1c2d79c76f3e7f8", size = 6491864, upload-time = "2025-10-15T18:23:49.607Z" },
    { url = "https://files.pythonhosted.org/packages/30/4b/667dfcf3d61fc309ba5a15b141845cece5915e39b99c1ceab0f34bf1d124/pillow-12.0.0-cp314-cp314t-musllinux_1_2_x86_64.whl", hash = "sha256:afbefa430092f71a9593a99ab6a4e7538bc9eabbf7bf94f91510d3503943edc4", size = 7158911, upload-time = "2025-10-15T18:23:51.351Z" },
    { url = "https://files.pythonhosted.org/packages/a2/2f/16cabcc6426c32218ace36bf0d55955e813f2958afddbf1d391849fee9d1/pillow-12.0.0-cp314-cp314t-win32.whl", hash = "sha256:3830c769decf88f1289680a59d4f4c46c72573446352e2befec9a8512104fa52", size = 6408045, upload-time = "2025-10-15T18:23:53.177Z" },
    { url = "https://files.pythonhosted.org/packages/35/73/e29aa0c9c666cf787628d3f0dcf379f4791fba79f4936d02f8b37165bdf8/pillow-12.0.0-cp314-cp314t-win_amd64.whl", hash = "sha256:905b0365b210c73afb0ebe9101a32572152dfd1c144c7e28968a331b9217b94a", size = 7148282, upload-time = "2025-10-15T18:23:55.316Z" },
    { url = "https://files.pythonhosted.org/packages/c1/70/6b41bdcddf541b437bbb9f47f94d2db5d9ddef6c37ccab8c9107743748a4/pillow-12.0.0-cp314-cp314t-win_arm64.whl", hash = "sha256:99353a06902c2e43b43e8ff74ee65a7d90307d82370604746738a1e0661ccca7", size = 2525630, upload-time = "2025-10-15T18:23:57.149Z" },
]

[[package]]
name = "prompt-toolkit"
version = "3.0.52"
source = { registry = "https://pypi.org/simple" }
dependencies = [
    { name = "wcwidth" },
]
sdist = { url = "https://files.pythonhosted.org/packages/a1/96/06e01a7b38dce6fe1db213e061a4602dd6032a8a97ef6c1a862537732421/prompt_toolkit-3.0.52.tar.gz", hash = "sha256:28cde192929c8e7321de85de1ddbe736f1375148b02f2e17edd840042b1be855", size = 434198, upload-time = "2025-08-27T15:24:02.057Z" }
wheels = [
    { url = "https://files.pythonhosted.org/packages/84/03/0d3ce49e2505ae70cf43bc5bb3033955d2fc9f932163e84dc0779cc47f48/prompt_toolkit-3.0.52-py3-none-any.whl", hash = "sha256:9aac639a3bbd33284347de5ad8d68ecc044b91a762dc39b7c21095fcd6a19955", size = 391431, upload-time = "2025-08-27T15:23:59.498Z" },
]

[[package]]
name = "pyarrow"
version = "22.0.0"
source = { registry = "https://pypi.org/simple" }
sdist = { url = "https://files.pythonhosted.org/packages/30/53/04a7fdc63e6056116c9ddc8b43bc28c12cdd181b85cbeadb79278475f3ae/pyarrow-22.0.0.tar.gz", hash = "sha256:3d600dc583260d845c7d8a6db540339dd883081925da2bd1c5cb808f720b3cd9", size = 1151151, upload-time = "2025-10-24T12:30:00.762Z" }
wheels = [
    { url = "https://files.pythonhosted.org/packages/bd/b0/0fa4d28a8edb42b0a7144edd20befd04173ac79819547216f8a9f36f9e50/pyarrow-22.0.0-cp314-cp314-macosx_12_0_arm64.whl", hash = "sha256:9bddc2cade6561f6820d4cd73f99a0243532ad506bc510a75a5a65a522b2d74d", size = 34224062, upload-time = "2025-10-24T10:08:14.101Z" },
    { url = "https://files.pythonhosted.org/packages/0f/a8/7a719076b3c1be0acef56a07220c586f25cd24de0e3f3102b438d18ae5df/pyarrow-22.0.0-cp314-cp314-macosx_12_0_x86_64.whl", hash = "sha256:e70ff90c64419709d38c8932ea9fe1cc98415c4f87ea8da81719e43f02534bc9", size = 35990057, upload-time = "2025-10-24T10:08:21.842Z" },
    { url = "https://files.pythonhosted.org/packages/89/3c/359ed54c93b47fb6fe30ed16cdf50e3f0e8b9ccfb11b86218c3619ae50a8/pyarrow-22.0.0-cp314-cp314-manylinux_2_28_aarch64.whl", hash = "sha256:92843c305330aa94a36e706c16209cd4df274693e777ca47112617db7d0ef3d7", size = 45068002, upload-time = "2025-10-24T10:08:29.034Z" },
    { url = "https://files.pythonhosted.org/packages/55/fc/4945896cc8638536ee787a3bd6ce7cec8ec9acf452d78ec39ab328efa0a1/pyarrow-22.0.0-cp314-cp314-manylinux_2_28_x86_64.whl", hash = "sha256:6dda1ddac033d27421c20d7a7943eec60be44e0db4e079f33cc5af3b8280ccde", size = 47737765, upload-time = "2025-10-24T10:08:38.559Z" },
    { url = "https://files.pythonhosted.org/packages/cd/5e/7cb7edeb2abfaa1f79b5d5eb89432356155c8426f75d3753cbcb9592c0fd/pyarrow-22.0.0-cp314-cp314-musllinux_1_2_aarch64.whl", hash = "sha256:84378110dd9a6c06323b41b56e129c504d157d1a983ce8f5443761eb5256bafc", size = 48048139, upload-time = "2025-10-24T10:08:46.784Z" },
    { url = "https://files.pythonhosted.org/packages/88/c6/546baa7c48185f5e9d6e59277c4b19f30f48c94d9dd938c2a80d4d6b067c/pyarrow-22.0.0-cp314-cp314-musllinux_1_2_x86_64.whl", hash = "sha256:854794239111d2b88b40b6ef92aa478024d1e5074f364033e73e21e3f76b25e0", size = 50314244, upload-time = "2025-10-24T10:08:55.771Z" },
    { url = "https://files.pythonhosted.org/packages/3c/79/755ff2d145aafec8d347bf18f95e4e81c00127f06d080135dfc86aea417c/pyarrow-22.0.0-cp314-cp314-win_amd64.whl", hash = "sha256:b883fe6fd85adad7932b3271c38ac289c65b7337c2c132e9569f9d3940620730", size = 28757501, upload-time = "2025-10-24T10:09:59.891Z" },
    { url = "https://files.pythonhosted.org/packages/0e/d2/237d75ac28ced3147912954e3c1a174df43a95f4f88e467809118a8165e0/pyarrow-22.0.0-cp314-cp314t-macosx_12_0_arm64.whl", hash = "sha256:7a820d8ae11facf32585507c11f04e3f38343c1e784c9b5a8b1da5c930547fe2", size = 34355506, upload-time = "2025-10-24T10:09:02.953Z" },
    { url = "https://files.pythonhosted.org/packages/1e/2c/733dfffe6d3069740f98e57ff81007809067d68626c5faef293434d11bd6/pyarrow-22.0.0-cp314-cp314t-macosx_12_0_x86_64.whl", hash = "sha256:c6ec3675d98915bf1ec8b3c7986422682f7232ea76cad276f4c8abd5b7319b70", size = 36047312, upload-time = "2025-10-24T10:09:10.334Z" },
    { url = "https://files.pythonhosted.org/packages/7c/2b/29d6e3782dc1f299727462c1543af357a0f2c1d3c160ce199950d9ca51eb/pyarrow-22.0.0-cp314-cp314t-manylinux_2_28_aarch64.whl", hash = "sha256:3e739edd001b04f654b166204fc7a9de896cf6007eaff33409ee9e50ceaff754", size = 45081609, upload-time = "2025-10-24T10:09:18.61Z" },
    { url = "https://files.pythonhosted.org/packages/8d/42/aa9355ecc05997915af1b7b947a7f66c02dcaa927f3203b87871c114ba10/pyarrow-22.0.0-cp314-cp314t-manylinux_2_28_x86_64.whl", hash = "sha256:7388ac685cab5b279a41dfe0a6ccd99e4dbf322edfb63e02fc0443bf24134e91", size = 47703663, upload-time = "2025-10-24T10:09:27.369Z" },
    { url = "https://files.pythonhosted.org/packages/ee/62/45abedde480168e83a1de005b7b7043fd553321c1e8c5a9a114425f64842/pyarrow-22.0.0-cp314-cp314t-musllinux_1_2_aarch64.whl", hash = "sha256:f633074f36dbc33d5c05b5dc75371e5660f1dbf9c8b1d95669def05e5425989c", size = 48066543, upload-time = "2025-10-24T10:09:34.908Z" },
    { url = "https://files.pythonhosted.org/packages/84/e9/7878940a5b072e4f3bf998770acafeae13b267f9893af5f6d4ab3904b67e/pyarrow-22.0.0-cp314-cp314t-musllinux_1_2_x86_64.whl", hash = "sha256:4c19236ae2402a8663a2c8f21f1870a03cc57f0bef7e4b6eb3238cc82944de80", size = 50288838, upload-time = "2025-10-24T10:09:44.394Z" },
    { url = "https://files.pythonhosted.org/packages/7b/03/f335d6c52b4a4761bcc83499789a1e2e16d9d201a58c327a9b5cc9a41bd9/pyarrow-22.0.0-cp314-cp314t-win_amd64.whl", hash = "sha256:0c34fe18094686194f204a3b1787a27456897d8a2d62caf84b61e8dfbc0252ae", size = 29185594, upload-time = "2025-10-24T10:09:53.111Z" },
]

[[package]]
name = "pygments"
version = "2.19.2"
source = { registry = "https://pypi.org/simple" }
sdist = { url = "https://files.pythonhosted.org/packages/b0/77/a5b8c569bf593b0140bde72ea885a803b82086995367bf2037de0159d924/pygments-2.19.2.tar.gz", hash = "sha256:636cb2477cec7f8952536970bc533bc43743542f70392ae026374600add5b887", size = 4968631, upload-time = "2025-06-21T13:39:12.283Z" }
wheels = [
    { url = "https://files.pythonhosted.org/packages/c7/21/705964c7812476f378728bdf590ca4b771ec72385c533964653c68e86bdc/pygments-2.19.2-py3-none-any.whl", hash = "sha256:86540386c03d588bb81d44bc3928634ff26449851e99741617ecb9037ee5ec0b", size = 1225217, upload-time = "2025-06-21T13:39:07.939Z" },
]

[[package]]
name = "pymupdf"
version = "1.26.7"
source = { registry = "https://pypi.org/simple" }
sdist = { url = "https://files.pythonhosted.org/packages/48/d6/09b28f027b510838559f7748807192149c419b30cb90e6d5f0cf916dc9dc/pymupdf-1.26.7.tar.gz", hash = "sha256:71add8bdc8eb1aaa207c69a13400693f06ad9b927bea976f5d5ab9df0bb489c3", size = 84327033, upload-time = "2025-12-11T21:48:50.694Z" }
wheels = [
    { url = "https://files.pythonhosted.org/packages/94/35/cd74cea1787b2247702ef8522186bdef32e9cb30a099e6bb864627ef6045/pymupdf-1.26.7-cp310-abi3-macosx_10_9_x86_64.whl", hash = "sha256:07085718dfdae5ab83b05eb5eb397f863bcc538fe05135318a01ea353e7a1353", size = 23179369, upload-time = "2025-12-11T21:47:21.587Z" },
    { url = "https://files.pythonhosted.org/packages/72/74/448b6172927c829c6a3fba80078d7b0a016ebbe2c9ee528821f5ea21677a/pymupdf-1.26.7-cp310-abi3-macosx_11_0_arm64.whl", hash = "sha256:31aa9c8377ea1eea02934b92f4dcf79fb2abba0bf41f8a46d64c3e31546a3c02", size = 22470101, upload-time = "2025-12-11T21:47:37.105Z" },
    { url = "https://files.pythonhosted.org/packages/65/e7/47af26f3ac76be7ac3dd4d6cc7ee105948a8355d774e5ca39857bf91c11c/pymupdf-1.26.7-cp310-abi3-manylinux_2_28_aarch64.whl", hash = "sha256:e419b609996434a14a80fa060adec72c434a1cca6a511ec54db9841bc5d51b3c", size = 23502486, upload-time = "2025-12-12T09:51:25.824Z" },
    { url = "https://files.pythonhosted.org/packages/2a/6b/3de1714d734ff949be1e90a22375d0598d3540b22ae73eb85c2d7d1f36a9/pymupdf-1.26.7-cp310-abi3-manylinux_2_28_x86_64.whl", hash = "sha256:69dfc78f206a96e5b3ac22741263ebab945fdf51f0dbe7c5757c3511b23d9d72", size = 24115727, upload-time = "2025-12-11T21:47:51.274Z" },
    { url = "https://files.pythonhosted.org/packages/85/8e/a117d39092ca645fde8b903f4a941d9aa75b370a67b4f1f435f56393dc5a/pymupdf-1.26.7-cp310-abi3-win32.whl", hash = "sha256:7c9645b6f5452629c747690190350213d3e5bbdb6b2eca227d82702b327f6eee", size = 17203888, upload-time = "2025-12-12T13:59:57.613Z" },
    { url = "https://files.pythonhosted.org/packages/dd/c3/d0047678146c294469c33bae167c8ace337deafb736b0bf97b9bc481aa65/pymupdf-1.26.7-cp310-abi3-win_amd64.whl", hash = "sha256:425b1befe40d41b72eb0fe211711c7ae334db5eb60307e9dd09066ed060cceba", size = 18405952, upload-time = "2025-12-11T21:48:02.947Z" },
]

[[package]]
name = "python-dateutil"
version = "2.9.0.post0"
source = { registry = "https://pypi.org/simple" }
dependencies = [
    { name = "six" },
]
sdist = { url = "https://files.pythonhosted.org/packages/66/c0/0c8b6ad9f17a802ee498c46e004a0eb49bc148f2fd230864601a86dcf6db/python-dateutil-2.9.0.post0.tar.gz", hash = "sha256:37dd54208da7e1cd875388217d5e00ebd4179249f90fb72437e91a35459a0ad3", size = 342432, upload-time = "2024-03-01T18:36:20.211Z" }
wheels = [
    { url = "https://files.pythonhosted.org/packages/ec/57/56b9bcc3c9c6a792fcbaf139543cee77261f3651ca9da0c93f5c1221264b/python_dateutil-2.9.0.post0-py2.py3-none-any.whl", hash = "sha256:a8b2bc7bffae282281c8140a97d3aa9c14da0b136dfe83f850eea9a5f7470427", size = 229892, upload-time = "2024-03-01T18:36:18.57Z" },
]

[[package]]
name = "pytz"
version = "2025.2"
source = { registry = "https://pypi.org/simple" }
sdist = { url = "https://files.pythonhosted.org/packages/f8/bf/abbd3cdfb8fbc7fb3d4d38d320f2441b1e7cbe29be4f23797b4a2b5d8aac/pytz-2025.2.tar.gz", hash = "sha256:360b9e3dbb49a209c21ad61809c7fb453643e048b38924c765813546746e81c3", size = 320884, upload-time = "2025-03-25T02:25:00.538Z" }
wheels = [
    { url = "https://files.pythonhosted.org/packages/81/c4/34e93fe5f5429d7570ec1fa436f1986fb1f00c3e0f43a589fe2bbcd22c3f/pytz-2025.2-py2.py3-none-any.whl", hash = "sha256:5ddf76296dd8c44c26eb8f4b6f35488f3ccbf6fbbd7adee0b7262d43f0ec2f00", size = 509225, upload-time = "2025-03-25T02:24:58.468Z" },
]

[[package]]
name = "questionary"
version = "2.1.1"
source = { registry = "https://pypi.org/simple" }
dependencies = [
    { name = "prompt-toolkit" },
]
sdist = { url = "https://files.pythonhosted.org/packages/f6/45/eafb0bba0f9988f6a2520f9ca2df2c82ddfa8d67c95d6625452e97b204a5/questionary-2.1.1.tar.gz", hash = "sha256:3d7e980292bb0107abaa79c68dd3eee3c561b83a0f89ae482860b181c8bd412d", size = 25845, upload-time = "2025-08-28T19:00:20.851Z" }
wheels = [
    { url = "https://files.pythonhosted.org/packages/3c/26/1062c7ec1b053db9e499b4d2d5bc231743201b74051c973dadeac80a8f43/questionary-2.1.1-py3-none-any.whl", hash = "sha256:a51af13f345f1cdea62347589fbb6df3b290306ab8930713bfae4d475a7d4a59", size = 36753, upload-time = "2025-08-28T19:00:19.56Z" },
]

[[package]]
name = "rich"
version = "14.2.0"
source = { registry = "https://pypi.org/simple" }
dependencies = [
    { name = "markdown-it-py" },
    { name = "pygments" },
]
sdist = { url = "https://files.pythonhosted.org/packages/fb/d2/8920e102050a0de7bfabeb4c4614a49248cf8d5d7a8d01885fbb24dc767a/rich-14.2.0.tar.gz", hash = "sha256:73ff50c7c0c1c77c8243079283f4edb376f0f6442433aecb8ce7e6d0b92d1fe4", size = 219990, upload-time = "2025-10-09T14:16:53.064Z" }
wheels = [
    { url = "https://files.pythonhosted.org/packages/25/7a/b0178788f8dc6cafce37a212c99565fa1fe7872c70c6c9c1e1a372d9d88f/rich-14.2.0-py3-none-any.whl", hash = "sha256:76bc51fe2e57d2b1be1f96c524b890b816e334ab4c1e45888799bfaab0021edd", size = 243393, upload-time = "2025-10-09T14:16:51.245Z" },
]

[[package]]
name = "scripts"
version = "0.1.0"
source = { virtual = "." }
dependencies = [
    { name = "coloraide" },
    { name = "colour-science" },
    { name = "numpy" },
    { name = "pandas" },
    { name = "pillow" },
    { name = "pyarrow" },
    { name = "pymupdf" },
    { name = "questionary" },
    { name = "rich" },
]

[package.metadata]
requires-dist = [
    { name = "coloraide", specifier = ">=6.1" },
    { name = "colour-science", specifier = ">=0.4.7" },
    { name = "numpy", specifier = ">=2.3.5" },
    { name = "pandas", specifier = ">=2.3.3" },
    { name = "pillow", specifier = ">=12.0.0" },
    { name = "pyarrow", specifier = ">=22.0.0" },
    { name = "pymupdf", specifier = ">=1.26.7" },
    { name = "questionary", specifier = ">=2.1.1" },
    { name = "rich", specifier = ">=14.2.0" },
]

[[package]]
name = "six"
version = "1.17.0"
source = { registry = "https://pypi.org/simple" }
sdist = { url = "https://files.pythonhosted.org/packages/94/e7/b2c673351809dca68a0e064b6af791aa332cf192da575fd474ed7d6f16a2/six-1.17.0.tar.gz", hash = "sha256:ff70335d468e7eb6ec65b95b99d3a2836546063f63acc5171de367e834932a81", size = 34031, upload-time = "2024-12-04T17:35:28.174Z" }
wheels = [
    { url = "https://files.pythonhosted.org/packages/b7/ce/149a00dd41f10bc29e5921b496af8b574d8413afcd5e30dfa0ed46c2cc5e/six-1.17.0-py2.py3-none-any.whl", hash = "sha256:4721f391ed90541fddacab5acf947aa0d3dc7d27b2e1e8eda2be8970586c3274", size = 11050, upload-time = "2024-12-04T17:35:26.475Z" },
]

[[package]]
name = "tzdata"
version = "2025.2"
source = { registry = "https://pypi.org/simple" }
sdist = { url = "https://files.pythonhosted.org/packages/95/32/1a225d6164441be760d75c2c42e2780dc0873fe382da3e98a2e1e48361e5/tzdata-2025.2.tar.gz", hash = "sha256:b60a638fcc0daffadf82fe0f57e53d06bdec2f36c4df66280ae79bce6bd6f2b9", size = 196380, upload-time = "2025-03-23T13:54:43.652Z" }
wheels = [
    { url = "https://files.pythonhosted.org/packages/5c/23/c7abc0ca0a1526a0774eca151daeb8de62ec457e77262b66b359c3c7679e/tzdata-2025.2-py2.py3-none-any.whl", hash = "sha256:1a403fada01ff9221ca8044d701868fa132215d84beb92242d9acd2147f667a8", size = 347839, upload-time = "2025-03-23T13:54:41.845Z" },
]

[[package]]
name = "wcwidth"
version = "0.2.14"
source = { registry = "https://pypi.org/simple" }
sdist = { url = "https://files.pythonhosted.org/packages/24/30/6b0809f4510673dc723187aeaf24c7f5459922d01e2f794277a3dfb90345/wcwidth-0.2.14.tar.gz", hash = "sha256:4d478375d31bc5395a3c55c40ccdf3354688364cd61c4f6adacaa9215d0b3605", size = 102293, upload-time = "2025-09-22T16:29:53.023Z" }
wheels = [
    { url = "https://files.pythonhosted.org/packages/af/b5/123f13c975e9f27ab9c0770f514345bd406d0e8d3b7a0723af9d43f710af/wcwidth-0.2.14-py2.py3-none-any.whl", hash = "sha256:a7bb560c8aee30f9957e5f9895805edd20602f2d7f720186dfd906e82b4982e1", size = 37286, upload-time = "2025-09-22T16:29:51.641Z" },
]
